
Microsoft Visual Studio Solution File, Format Version 12.00
# Visual Studio Version 16
VisualStudioVersion = 16.0.30309.148
MinimumVisualStudioVersion = 10.0.40219.1
Project("{FAE04EC0-301F-11D3-BF4B-00C04F79EFBC}") = "LessonLoginov08", "LessonLoginov08\LessonLoginov08.csproj", "{580103E9-C018-4370-8CFC-C746892DDF4A}"
EndProject
Global
	GlobalSection(SolutionConfigurationPlatforms) = preSolution
		Debug|Any CPU = Debug|Any CPU
		Release|Any CPU = Release|Any CPU
	EndGlobalSection
	GlobalSection(ProjectConfigurationPlatforms) = postSolution
		{580103E9-C018-4370-8CFC-C746892DDF4A}.Debug|Any CPU.ActiveCfg = Debug|Any CPU
		{580103E9-C018-4370-8CFC-C746892DDF4A}.Debug|Any CPU.Build.0 = Debug|Any CPU
		{580103E9-C018-4370-8CFC-C746892DDF4A}.Release|Any CPU.ActiveCfg = Release|Any CPU
		{580103E9-C018-4370-8CFC-C746892DDF4A}.Release|Any CPU.Build.0 = Release|Any CPU
	EndGlobalSection
	GlobalSection(SolutionProperties) = preSolution
		HideSolutionNode = FALSE
	EndGlobalSection
	GlobalSection(ExtensibilityGlobals) = postSolution
		SolutionGuid = {C2DDE476-28B9-4DBD-8012-ABC4EE968B14}
	EndGlobalSection
EndGlobal
